// !$*UTF8*$!
{
	archiveVersion = 1;
	classes = {
	};
	objectVersion = 46;
	objects = {

/* Begin PBXBuildFile section */
		0107AD991D87FF4100ED37F9 /* main.c in Sources */ = {isa = PBXBuildFile; fileRef = 0107AD981D87FF4100ED37F9 /* main.c */; };
		0107ADA11D87FF9300ED37F9 /* second.c in Sources */ = {isa = PBXBuildFile; fileRef = 0107AD9F1D87FF9300ED37F9 /* second.c */; };
		0107ADA41D880D6100ED37F9 /* three.c in Sources */ = {isa = PBXBuildFile; fileRef = 0107ADA21D880D6100ED37F9 /* three.c */; };
		0107ADA61D880D8300ED37F9 /* four.c in Sources */ = {isa = PBXBuildFile; fileRef = 0107ADA51D880D8300ED37F9 /* four.c */; };
/* End PBXBuildFile section */

/* Begin PBXCopyFilesBuildPhase section */
		0107AD931D87FF4100ED37F9 /* CopyFiles */ = {
			isa = PBXCopyFilesBuildPhase;
			buildActionMask = 2147483647;
			dstPath = /usr/share/man/man1/;
			dstSubfolderSpec = 0;
			files = (
			);
			runOnlyForDeploymentPostprocessing = 1;
		};
/* End PBXCopyFilesBuildPhase section */

/* Begin PBXFileReference section */
		0107AD951D87FF4100ED37F9 /* CProjectTest */ = {isa = PBXFileReference; explicitFileType = "compiled.mach-o.executable"; includeInIndex = 0; path = CProjectTest; sourceTree = BUILT_PRODUCTS_DIR; };
		0107AD981D87FF4100ED37F9 /* main.c */ = {isa = PBXFileReference; lastKnownFileType = sourcecode.c.c; path = main.c; sourceTree = "<group>"; };
		0107AD9F1D87FF9300ED37F9 /* second.c */ = {isa = PBXFileReference; fileEncoding = 4; lastKnownFileType = sourcecode.c.c; path = second.c; sourceTree = "<group>"; };
		0107ADA21D880D6100ED37F9 /* three.c */ = {isa = PBXFileReference; fileEncoding = 4; lastKnownFileType = sourcecode.c.c; path = three.c; sourceTree = "<group>"; };
		0107ADA51D880D8300ED37F9 /* four.c */ = {isa = PBXFileReference; fileEncoding = 4; lastKnownFileType = sourcecode.c.c; path = four.c; sourceTree = "<group>"; };
/* End PBXFileReference section */

/* Begin PBXFrameworksBuildPhase section */
		0107AD921D87FF4100ED37F9 /* Frameworks */ = {
			isa = PBXFrameworksBuildPhase;
			buildActionMask = 2147483647;
			files = (
			);
			runOnlyForDeploymentPostprocessing = 0;
		};
/* End PBXFrameworksBuildPhase section */

/* Begin PBXGroup section */
		0107AD8C1D87FF4100ED37F9 = {
			isa = PBXGroup;
			children = (
				0107AD971D87FF4100ED37F9 /* CProjectTest */,
				0107AD961D87FF4100ED37F9 /* Products */,
			);
			sourceTree = "<group>";
		};
		0107AD961D87FF4100ED37F9 /* Products */ = {
			isa = PBXGroup;
			children = (
				0107AD951D87FF4100ED37F9 /* CProjectTest */,
			);
			name = Products;
			sourceTree = "<group>";
		};
		0107AD971D87FF4100ED37F9 /* CProjectTest */ = {
			isa = PBXGroup;
			children = (
				0107AD981D87FF4100ED37F9 /* main.c */,
				0107ADA51D880D8300ED37F9 /* four.c */,
				0107ADA21D880D6100ED37F9 /* three.c */,
				0107AD9F1D87FF9300ED37F9 /* second.c */,
			);
			path = CProjectTest;
			sourceTree = "<group>";
		};
/* End PBXGroup section */

/* Begin PBXNativeTarget section */
		0107AD941D87FF4100ED37F9 /* CProjectTest */ = {
			isa = PBXNativeTarget;
			buildConfigurationList = 0107AD9C1D87FF4100ED37F9 /* Build configuration list for PBXNativeTarget "CProjectTest" */;
			buildPhases = (
				0107AD911D87FF4100ED37F9 /* Sources */,
				0107AD921D87FF4100ED37F9 /* Frameworks */,
				0107AD931D87FF4100ED37F9 /* CopyFiles */,
			);
			buildRules = (
			);
			dependencies = (
			);
			name = CProjectTest;
			productName = CProjectTest;
			productReference = 0107AD951D87FF4100ED37F9 /* CProjectTest */;
			productType = "com.apple.product-type.tool";
		};
/* End PBXNativeTarget section */

/* Begin PBXProject section */
		0107AD8D1D87FF4100ED37F9 /* Project object */ = {
			isa = PBXProject;
			attributes = {
				LastUpgradeCheck = 0730;
				ORGANIZATIONNAME = "林兴栋";
				TargetAttributes = {
					0107AD941D87FF4100ED37F9 = {
						CreatedOnToolsVersion = 7.3.1;
					};
				};
			};
			buildConfigurationList = 0107AD901D87FF4100ED37F9 /* Build configuration list for PBXProject "CProjectTest" */;
			compatibilityVersion = "Xcode 3.2";
			developmentRegion = English;
			hasScannedForEncodings = 0;
			knownRegions = (
				en,
			);
			mainGroup = 0107AD8C1D87FF4100ED37F9;
			productRefGroup = 0107AD961D87FF4100ED37F9 /* Products */;
			projectDirPath = "";
			projectRoot = "";
			targets = (
				0107AD941D87FF4100ED37F9 /* CProjectTest */,
			);
		};
/* End PBXProject section */

/* Begin PBXSourcesBuildPhase section */
		0107AD911D87FF4100ED37F9 /* Sources */ = {
			isa = PBXSourcesBuildPhase;
			buildActionMask = 2147483647;
			files = (
				0107ADA41D880D6100ED37F9 /* three.c in Sources */,
				0107AD991D87FF4100ED37F9 /* main.c in Sources */,
				0107ADA11D87FF9300ED37F9 /* second.c in Sources */,
				0107ADA61D880D8300ED37F9 /* four.c in Sources */,
			);
			runOnlyForDeploymentPostprocessing = 0;
		};
/* End PBXSourcesBuildPhase section */

/* Begin XCBuildConfiguration section */
		0107AD9A1D87FF4100ED37F9 /* Debug */ = {
			isa = XCBuildConfiguration;
			buildSettings = {
				ALWAYS_SEARCH_USER_PATHS = NO;
				CLANG_ANALYZER_NONNULL = YES;
				CLANG_CXX_LANGUAGE_STANDARD = "gnu++0x";
				CLANG_CXX_LIBRARY = "libc++";
				CLANG_ENABLE_MODULES = YES;
				CLANG_ENABLE_OBJC_ARC = YES;
				CLANG_WARN_BOOL_CONVERSION = YES;
				CLANG_WARN_CONSTANT_CONVERSION = YES;
				CLANG_WARN_DIRECT_OBJC_ISA_USAGE = YES_ERROR;
				CLANG_WARN_EMPTY_BODY = YES;
				CLANG_WARN_ENUM_CONVERSION = YES;
				CLANG_WARN_INT_CONVERSION = YES;
				CLANG_WARN_OBJC_ROOT_CLASS = YES_ERROR;
				CLANG_WARN_UNREACHABLE_CODE = YES;
				CLANG_WARN__DUPLICATE_METHOD_MATCH = YES;
				CODE_SIGN_IDENTITY = "-";
				COPY_PHASE_STRIP = NO;
				DEBUG_INFORMATION_FORMAT = dwarf;
				ENABLE_STRICT_OBJC_MSGSEND = YES;
				ENABLE_TESTABILITY = YES;
				GCC_C_LANGUAGE_STANDARD = gnu99;
				GCC_DYNAMIC_NO_PIC = NO;
				GCC_NO_COMMON_BLOCKS = YES;
				GCC_OPTIMIZATION_LEVEL = 0;
				GCC_PREPROCESSOR_DEFINITIONS = (
					"DEBUG=1",
					"$(inherited)",
				);
				GCC_WARN_64_TO_32_BIT_CONVERSION = YES;
				GCC_WARN_ABOUT_RETURN_TYPE = YES_ERROR;
				GCC_WARN_UNDECLARED_SELECTOR = YES;
				GCC_WARN_UNINITIALIZED_AUTOS = YES_AGGRESSIVE;
				GCC_WARN_UNUSED_FUNCTION = YES;
				GCC_WARN_UNUSED_VARIABLE = YES;
				MACOSX_DEPLOYMENT_TARGET = 10.11;
				MTL_ENABLE_DEBUG_INFO = YES;
				ONLY_ACTIVE_ARCH = YES;
				SDKROOT = macosx;
			};
			name = Debug;
		};
		0107AD9B1D87FF4100ED37F9 /* Release */ = {
			isa = XCBuildConfiguration;
			buildSettings = {
				ALWAYS_SEARCH_USER_PATHS = NO;
				CLANG_ANALYZER_NONNULL = YES;
				CLANG_CXX_LANGUAGE_STANDARD = "gnu++0x";
				CLANG_CXX_LIBRARY = "libc++";
				CLANG_ENABLE_MODULES = YES;
				CLANG_ENABLE_OBJC_ARC = YES;
				CLANG_WARN_BOOL_CONVERSION = YES;
				CLANG_WARN_CONSTANT_CONVERSION = YES;
				CLANG_WARN_DIRECT_OBJC_ISA_USAGE = YES_ERROR;
				CLANG_WARN_EMPTY_BODY = YES;
				CLANG_WARN_ENUM_CONVERSION = YES;
				CLANG_WARN_INT_CONVERSION = YES;
				CLANG_WARN_OBJC_ROOT_CLASS = YES_ERROR;
				CLANG_WARN_UNREACHABLE_CODE = YES;
				CLANG_WARN__DUPLICATE_METHOD_MATCH = YES;
				CODE_SIGN_IDENTITY = "-";
				COPY_PHASE_STRIP = NO;
				DEBUG_INFORMATION_FORMAT = "dwarf-with-dsym";
				ENABLE_NS_ASSERTIONS = NO;
				ENABLE_STRICT_OBJC_MSGSEND = YES;
				GCC_C_LANGUAGE_STANDARD = gnu99;
				GCC_NO_COMMON_BLOCKS = YES;
				GCC_WARN_64_TO_32_BIT_CONVERSION = YES;
				GCC_WARN_ABOUT_RETURN_TYPE = YES_ERROR;
				GCC_WARN_UNDECLARED_SELECTOR = YES;
				GCC_WARN_UNINITIALIZED_AUTOS = YES_AGGRESSIVE;
				GCC_WARN_UNUSED_FUNCTION = YES;
				GCC_WARN_UNUSED_VARIABLE = YES;
				MACOSX_DEPLOYMENT_TARGET = 10.11;
				MTL_ENABLE_DEBUG_INFO = NO;
				SDKROOT = macosx;
			};
			name = Release;
		};
		0107AD9D1D87FF4100ED37F9 /* Debug */ = {
			isa = XCBuildConfiguration;
			buildSettings = {
				PRODUCT_NAME = "$(TARGET_NAME)";
			};
			name = Debug;
		};
		0107AD9E1D87FF4100ED37F9 /* Release */ = {
			isa = XCBuildConfiguration;
			buildSettings = {
				PRODUCT_NAME = "$(TARGET_NAME)";
			};
			name = Release;
		};
/* End XCBuildConfiguration section */

/* Begin XCConfigurationList section */
		0107AD901D87FF4100ED37F9 /* Build configuration list for PBXProject "CProjectTest" */ = {
			isa = XCConfigurationList;
			buildConfigurations = (
				0107AD9A1D87FF4100ED37F9 /* Debug */,
				0107AD9B1D87FF4100ED37F9 /* Release */,
			);
			defaultConfigurationIsVisible = 0;
			defaultConfigurationName = Release;
		};
		0107AD9C1D87FF4100ED37F9 /* Build configuration list for PBXNativeTarget "CProjectTest" */ = {
			isa = XCConfigurationList;
			buildConfigurations = (
				0107AD9D1D87FF4100ED37F9 /* Debug */,
				0107AD9E1D87FF4100ED37F9 /* Release */,
			);
			defaultConfigurationIsVisible = 0;
		};
/* End XCConfigurationList section */
	};
	rootObject = 0107AD8D1D87FF4100ED37F9 /* Project object */;
}
